
Microsoft Visual Studio Solution File, Format Version 12.00
# Visual Studio Version 17
VisualStudioVersion = 17.1.32407.343
MinimumVisualStudioVersion = 10.0.40219.1
Project("{FAE04EC0-301F-11D3-BF4B-00C04F79EFBC}") = "SamuraiApp.Domain", "SamuraiApp.Domain\SamuraiApp.Domain.csproj", "{09941AA3-77C1-4F6A-948C-44316E5E9997}"
EndProject
Project("{FAE04EC0-301F-11D3-BF4B-00C04F79EFBC}") = "SamuraiApp.Data", "SamuraiApp.Data\SamuraiApp.Data.csproj", "{CC6AAA4D-764F-4B99-A894-CA14739DA9CA}"
EndProject
Project("{FAE04EC0-301F-11D3-BF4B-00C04F79EFBC}") = "SamuraiApp.UI", "SamuraiApp.UI\SamuraiApp.UI.csproj", "{0F418A94-43AF-42E4-B6E1-E3894E0E08A2}"
EndProject
Global
	GlobalSection(SolutionConfigurationPlatforms) = preSolution
		Debug|Any CPU = Debug|Any CPU
		Release|Any CPU = Release|Any CPU
	EndGlobalSection
	GlobalSection(ProjectConfigurationPlatforms) = postSolution
		{09941AA3-77C1-4F6A-948C-44316E5E9997}.Debug|Any CPU.ActiveCfg = Debug|Any CPU
		{09941AA3-77C1-4F6A-948C-44316E5E9997}.Debug|Any CPU.Build.0 = Debug|Any CPU
		{09941AA3-77C1-4F6A-948C-44316E5E9997}.Release|Any CPU.ActiveCfg = Release|Any CPU
		{09941AA3-77C1-4F6A-948C-44316E5E9997}.Release|Any CPU.Build.0 = Release|Any CPU
		{CC6AAA4D-764F-4B99-A894-CA14739DA9CA}.Debug|Any CPU.ActiveCfg = Debug|Any CPU
		{CC6AAA4D-764F-4B99-A894-CA14739DA9CA}.Debug|Any CPU.Build.0 = Debug|Any CPU
		{CC6AAA4D-764F-4B99-A894-CA14739DA9CA}.Release|Any CPU.ActiveCfg = Release|Any CPU
		{CC6AAA4D-764F-4B99-A894-CA14739DA9CA}.Release|Any CPU.Build.0 = Release|Any CPU
		{0F418A94-43AF-42E4-B6E1-E3894E0E08A2}.Debug|Any CPU.ActiveCfg = Debug|Any CPU
		{0F418A94-43AF-42E4-B6E1-E3894E0E08A2}.Debug|Any CPU.Build.0 = Debug|Any CPU
		{0F418A94-43AF-42E4-B6E1-E3894E0E08A2}.Release|Any CPU.ActiveCfg = Release|Any CPU
		{0F418A94-43AF-42E4-B6E1-E3894E0E08A2}.Release|Any CPU.Build.0 = Release|Any CPU
	EndGlobalSection
	GlobalSection(SolutionProperties) = preSolution
		HideSolutionNode = FALSE
	EndGlobalSection
	GlobalSection(ExtensibilityGlobals) = postSolution
		SolutionGuid = {3C59BA28-F160-4A9B-ACAB-B2ABAEE6671F}
	EndGlobalSection
EndGlobal
